schema: '2.0'
stages:
  generate_data:
    cmd: python src/data/generate_dataset.py
    deps:
    - path: src/data/generate_dataset.py
      hash: md5
      md5: 774660856ee90874fc97f5c58411c47b
      size: 3286
    outs:
    - path: data/raw/customer_transactions.csv
      hash: md5
      md5: 5c7f8d34e193db2931490fc9349c2499
      size: 79784
  preprocess:
    cmd: python src/data/preprocessing.py
    deps:
    - path: data/raw/customer_transactions.csv
      hash: md5
      md5: 5c7f8d34e193db2931490fc9349c2499
      size: 79784
    - path: src/data/preprocessing.py
      hash: md5
      md5: 5eda0c8c15a84ada845addc84ca2bc8f
      size: 5131
    outs:
    - path: data/processed/processed_transactions.csv
      hash: md5
      md5: 91f8d11cdbf8b13e82bd4ccefe2b5d4b
      size: 257685
  train:
    cmd: python src/models/train.py
    deps:
    - path: data/processed/processed_transactions.csv
      hash: md5
      md5: 91f8d11cdbf8b13e82bd4ccefe2b5d4b
      size: 257685
    - path: src/models/train.py
      hash: md5
      md5: c791bafce9df5313e59dadfb807163c9
      size: 11784
    outs:
    - path: metrics.json
      hash: md5
      md5: bc2d6a7017057970e918aaefbe187b49
      size: 189
    - path: models/model.pkl
      hash: md5
      md5: a9a89ff65e1aae0bc7c3b66133e09617
      size: 2467336
